// !$*UTF8*$!
{
	archiveVersion = 1;
	classes = {
	};
	objectVersion = 55;
	objects = {

/* Begin PBXBuildFile section */
		F5A9CDCE285BFCF500A306DB /* AppDelegate.swift in Sources */ = {isa = PBXBuildFile; fileRef = F5A9CDCD285BFCF500A306DB /* AppDelegate.swift */; };
		F5A9CDD0285BFCF500A306DB /* SceneDelegate.swift in Sources */ = {isa = PBXBuildFile; fileRef = F5A9CDCF285BFCF500A306DB /* SceneDelegate.swift */; };
		F5A9CDD2285BFCF500A306DB /* ViewController.swift in Sources */ = {isa = PBXBuildFile; fileRef = F5A9CDD1285BFCF500A306DB /* ViewController.swift */; };
		F5A9CDD5285BFCF500A306DB /* Main.storyboard in Resources */ = {isa = PBXBuildFile; fileRef = F5A9CDD3285BFCF500A306DB /* Main.storyboard */; };
		F5A9CDD7285BFCF800A306DB /* Assets.xcassets in Resources */ = {isa = PBXBuildFile; fileRef = F5A9CDD6285BFCF800A306DB /* Assets.xcassets */; };
		F5A9CDDA285BFCF800A306DB /* LaunchScreen.storyboard in Resources */ = {isa = PBXBuildFile; fileRef = F5A9CDD8285BFCF800A306DB /* LaunchScreen.storyboard */; };
		F5A9CDE3285BFD1700A306DB /* LEMONMILK-Light.otf in Resources */ = {isa = PBXBuildFile; fileRef = F5A9CDE2285BFD1700A306DB /* LEMONMILK-Light.otf */; };
		F5A9CDE5285BFD1E00A306DB /* Brand.ttf in Resources */ = {isa = PBXBuildFile; fileRef = F5A9CDE4285BFD1E00A306DB /* Brand.ttf */; };
		F5A9CDE7285C03C100A306DB /* ViewController2.swift in Sources */ = {isa = PBXBuildFile; fileRef = F5A9CDE6285C03C100A306DB /* ViewController2.swift */; };
/* End PBXBuildFile section */

/* Begin PBXFileReference section */
		F5A9CDCA285BFCF500A306DB /* esteelaudertwo.app */ = {isa = PBXFileReference; explicitFileType = wrapper.application; includeInIndex = 0; path = esteelaudertwo.app; sourceTree = BUILT_PRODUCTS_DIR; };
		F5A9CDCD285BFCF500A306DB /* AppDelegate.swift */ = {isa = PBXFileReference; lastKnownFileType = sourcecode.swift; path = AppDelegate.swift; sourceTree = "<group>"; };
		F5A9CDCF285BFCF500A306DB /* SceneDelegate.swift */ = {isa = PBXFileReference; lastKnownFileType = sourcecode.swift; path = SceneDelegate.swift; sourceTree = "<group>"; };
		F5A9CDD1285BFCF500A306DB /* ViewController.swift */ = {isa = PBXFileReference; lastKnownFileType = sourcecode.swift; path = ViewController.swift; sourceTree = "<group>"; };
		F5A9CDD4285BFCF500A306DB /* Base */ = {isa = PBXFileReference; lastKnownFileType = file.storyboard; name = Base; path = Base.lproj/Main.storyboard; sourceTree = "<group>"; };
		F5A9CDD6285BFCF800A306DB /* Assets.xcassets */ = {isa = PBXFileReference; lastKnownFileType = folder.assetcatalog; path = Assets.xcassets; sourceTree = "<group>"; };
		F5A9CDD9285BFCF800A306DB /* Base */ = {isa = PBXFileReference; lastKnownFileType = file.storyboard; name = Base; path = Base.lproj/LaunchScreen.storyboard; sourceTree = "<group>"; };
		F5A9CDDB285BFCF800A306DB /* Info.plist */ = {isa = PBXFileReference; lastKnownFileType = text.plist.xml; path = Info.plist; sourceTree = "<group>"; };
		F5A9CDE2285BFD1700A306DB /* LEMONMILK-Light.otf */ = {isa = PBXFileReference; lastKnownFileType = file; path = "LEMONMILK-Light.otf"; sourceTree = "<group>"; };
		F5A9CDE4285BFD1E00A306DB /* Brand.ttf */ = {isa = PBXFileReference; lastKnownFileType = file; path = Brand.ttf; sourceTree = "<group>"; };
		F5A9CDE6285C03C100A306DB /* ViewController2.swift */ = {isa = PBXFileReference; lastKnownFileType = sourcecode.swift; path = ViewController2.swift; sourceTree = "<group>"; };
/* End PBXFileReference section */

/* Begin PBXFrameworksBuildPhase section */
		F5A9CDC7285BFCF400A306DB /* Frameworks */ = {
			isa = PBXFrameworksBuildPhase;
			buildActionMask = 2147483647;
			files = (
			);
			runOnlyForDeploymentPostprocessing = 0;
		};
/* End PBXFrameworksBuildPhase section */

/* Begin PBXGroup section */
		F5A9CDC1285BFCF400A306DB = {
			isa = PBXGroup;
			children = (
				F5A9CDCC285BFCF500A306DB /* esteelaudertwo */,
				F5A9CDCB285BFCF500A306DB /* Products */,
			);
			sourceTree = "<group>";
		};
		F5A9CDCB285BFCF500A306DB /* Products */ = {
			isa = PBXGroup;
			children = (
				F5A9CDCA285BFCF500A306DB /* esteelaudertwo.app */,
			);
			name = Products;
			sourceTree = "<group>";
		};
		F5A9CDCC285BFCF500A306DB /* esteelaudertwo */ = {
			isa = PBXGroup;
			children = (
				F5A9CDE1285BFD0600A306DB /* fonts */,
				F5A9CDCD285BFCF500A306DB /* AppDelegate.swift */,
				F5A9CDCF285BFCF500A306DB /* SceneDelegate.swift */,
				F5A9CDD1285BFCF500A306DB /* ViewController.swift */,
				F5A9CDE6285C03C100A306DB /* ViewController2.swift */,
				F5A9CDD3285BFCF500A306DB /* Main.storyboard */,
				F5A9CDD6285BFCF800A306DB /* Assets.xcassets */,
				F5A9CDD8285BFCF800A306DB /* LaunchScreen.storyboard */,
				F5A9CDDB285BFCF800A306DB /* Info.plist */,
			);
			path = esteelaudertwo;
			sourceTree = "<group>";
		};
		F5A9CDE1285BFD0600A306DB /* fonts */ = {
			isa = PBXGroup;
			children = (
				F5A9CDE4285BFD1E00A306DB /* Brand.ttf */,
				F5A9CDE2285BFD1700A306DB /* LEMONMILK-Light.otf */,
			);
			path = fonts;
			sourceTree = "<group>";
		};
/* End PBXGroup section */

/* Begin PBXNativeTarget section */
		F5A9CDC9285BFCF400A306DB /* esteelaudertwo */ = {
			isa = PBXNativeTarget;
			buildConfigurationList = F5A9CDDE285BFCF800A306DB /* Build configuration list for PBXNativeTarget "esteelaudertwo" */;
			buildPhases = (
				F5A9CDC6285BFCF400A306DB /* Sources */,
				F5A9CDC7285BFCF400A306DB /* Frameworks */,
				F5A9CDC8285BFCF400A306DB /* Resources */,
			);
			buildRules = (
			);
			dependencies = (
			);
			name = esteelaudertwo;
			productName = esteelaudertwo;
			productReference = F5A9CDCA285BFCF500A306DB /* esteelaudertwo.app */;
			productType = "com.apple.product-type.application";
		};
/* End PBXNativeTarget section */

/* Begin PBXProject section */
		F5A9CDC2285BFCF400A306DB /* Project object */ = {
			isa = PBXProject;
			attributes = {
				BuildIndependentTargetsInParallel = 1;
				LastSwiftUpdateCheck = 1340;
				LastUpgradeCheck = 1340;
				TargetAttributes = {
					F5A9CDC9285BFCF400A306DB = {
						CreatedOnToolsVersion = 13.4.1;
					};
				};
			};
			buildConfigurationList = F5A9CDC5285BFCF400A306DB /* Build configuration list for PBXProject "esteelaudertwo" */;
			compatibilityVersion = "Xcode 13.0";
			developmentRegion = en;
			hasScannedForEncodings = 0;
			knownRegions = (
				en,
				Base,
			);
			mainGroup = F5A9CDC1285BFCF400A306DB;
			productRefGroup = F5A9CDCB285BFCF500A306DB /* Products */;
			projectDirPath = "";
			projectRoot = "";
			targets = (
				F5A9CDC9285BFCF400A306DB /* esteelaudertwo */,
			);
		};
/* End PBXProject section */

/* Begin PBXResourcesBuildPhase section */
		F5A9CDC8285BFCF400A306DB /* Resources */ = {
			isa = PBXResourcesBuildPhase;
			buildActionMask = 2147483647;
			files = (
				F5A9CDDA285BFCF800A306DB /* LaunchScreen.storyboard in Resources */,
				F5A9CDE5285BFD1E00A306DB /* Brand.ttf in Resources */,
				F5A9CDD7285BFCF800A306DB /* Assets.xcassets in Resources */,
				F5A9CDD5285BFCF500A306DB /* Main.storyboard in Resources */,
				F5A9CDE3285BFD1700A306DB /* LEMONMILK-Light.otf in Resources */,
			);
			runOnlyForDeploymentPostprocessing = 0;
		};
/* End PBXResourcesBuildPhase section */

/* Begin PBXSourcesBuildPhase section */
		F5A9CDC6285BFCF400A306DB /* Sources */ = {
			isa = PBXSourcesBuildPhase;
			buildActionMask = 2147483647;
			files = (
				F5A9CDD2285BFCF500A306DB /* ViewController.swift in Sources */,
				F5A9CDE7285C03C100A306DB /* ViewController2.swift in Sources */,
				F5A9CDCE285BFCF500A306DB /* AppDelegate.swift in Sources */,
				F5A9CDD0285BFCF500A306DB /* SceneDelegate.swift in Sources */,
			);
			runOnlyForDeploymentPostprocessing = 0;
		};
/* End PBXSourcesBuildPhase section */

/* Begin PBXVariantGroup section */
		F5A9CDD3285BFCF500A306DB /* Main.storyboard */ = {
			isa = PBXVariantGroup;
			children = (
				F5A9CDD4285BFCF500A306DB /* Base */,
			);
			name = Main.storyboard;
			sourceTree = "<group>";
		};
		F5A9CDD8285BFCF800A306DB /* LaunchScreen.storyboard */ = {
			isa = PBXVariantGroup;
			children = (
				F5A9CDD9285BFCF800A306DB /* Base */,
			);
			name = LaunchScreen.storyboard;
			sourceTree = "<group>";
		};
/* End PBXVariantGroup section */

/* Begin XCBuildConfiguration section */
		F5A9CDDC285BFCF800A306DB /* Debug */ = {
			isa = XCBuildConfiguration;
			buildSettings = {
				ALWAYS_SEARCH_USER_PATHS = NO;
				CLANG_ANALYZER_NONNULL = YES;
				CLANG_ANALYZER_NUMBER_OBJECT_CONVERSION = YES_AGGRESSIVE;
				CLANG_CXX_LANGUAGE_STANDARD = "gnu++17";
				CLANG_ENABLE_MODULES = YES;
				CLANG_ENABLE_OBJC_ARC = YES;
				CLANG_ENABLE_OBJC_WEAK = YES;
				CLANG_WARN_BLOCK_CAPTURE_AUTORELEASING = YES;
				CLANG_WARN_BOOL_CONVERSION = YES;
				CLANG_WARN_COMMA = YES;
				CLANG_WARN_CONSTANT_CONVERSION = YES;
				CLANG_WARN_DEPRECATED_OBJC_IMPLEMENTATIONS = YES;
				CLANG_WARN_DIRECT_OBJC_ISA_USAGE = YES_ERROR;
				CLANG_WARN_DOCUMENTATION_COMMENTS = YES;
				CLANG_WARN_EMPTY_BODY = YES;
				CLANG_WARN_ENUM_CONVERSION = YES;
				CLANG_WARN_INFINITE_RECURSION = YES;
				CLANG_WARN_INT_CONVERSION = YES;
				CLANG_WARN_NON_LITERAL_NULL_CONVERSION = YES;
				CLANG_WARN_OBJC_IMPLICIT_RETAIN_SELF = YES;
				CLANG_WARN_OBJC_LITERAL_CONVERSION = YES;
				CLANG_WARN_OBJC_ROOT_CLASS = YES_ERROR;
				CLANG_WARN_QUOTED_INCLUDE_IN_FRAMEWORK_HEADER = YES;
				CLANG_WARN_RANGE_LOOP_ANALYSIS = YES;
				CLANG_WARN_STRICT_PROTOTYPES = YES;
				CLANG_WARN_SUSPICIOUS_MOVE = YES;
				CLANG_WARN_UNGUARDED_AVAILABILITY = YES_AGGRESSIVE;
				CLANG_WARN_UNREACHABLE_CODE = YES;
				CLANG_WARN__DUPLICATE_METHOD_MATCH = YES;
				COPY_PHASE_STRIP = NO;
				DEBUG_INFORMATION_FORMAT = dwarf;
				ENABLE_STRICT_OBJC_MSGSEND = YES;
				ENABLE_TESTABILITY = YES;
				GCC_C_LANGUAGE_STANDARD = gnu11;
				GCC_DYNAMIC_NO_PIC = NO;
				GCC_NO_COMMON_BLOCKS = YES;
				GCC_OPTIMIZATION_LEVEL = 0;
				GCC_PREPROCESSOR_DEFINITIONS = (
					"DEBUG=1",
					"$(inherited)",
				);
				GCC_WARN_64_TO_32_BIT_CONVERSION = YES;
				GCC_WARN_ABOUT_RETURN_TYPE = YES_ERROR;
				GCC_WARN_UNDECLARED_SELECTOR = YES;
				GCC_WARN_UNINITIALIZED_AUTOS = YES_AGGRESSIVE;
				GCC_WARN_UNUSED_FUNCTION = YES;
				GCC_WARN_UNUSED_VARIABLE = YES;
				IPHONEOS_DEPLOYMENT_TARGET = 15.5;
				MTL_ENABLE_DEBUG_INFO = INCLUDE_SOURCE;
				MTL_FAST_MATH = YES;
				ONLY_ACTIVE_ARCH = YES;
				SDKROOT = iphoneos;
				SWIFT_ACTIVE_COMPILATION_CONDITIONS = DEBUG;
				SWIFT_OPTIMIZATION_LEVEL = "-Onone";
			};
			name = Debug;
		};
		F5A9CDDD285BFCF800A306DB /* Release */ = {
			isa = XCBuildConfiguration;
			buildSettings = {
				ALWAYS_SEARCH_USER_PATHS = NO;
				CLANG_ANALYZER_NONNULL = YES;
				CLANG_ANALYZER_NUMBER_OBJECT_CONVERSION = YES_AGGRESSIVE;
				CLANG_CXX_LANGUAGE_STANDARD = "gnu++17";
				CLANG_ENABLE_MODULES = YES;
				CLANG_ENABLE_OBJC_ARC = YES;
				CLANG_ENABLE_OBJC_WEAK = YES;
				CLANG_WARN_BLOCK_CAPTURE_AUTORELEASING = YES;
				CLANG_WARN_BOOL_CONVERSION = YES;
				CLANG_WARN_COMMA = YES;
				CLANG_WARN_CONSTANT_CONVERSION = YES;
				CLANG_WARN_DEPRECATED_OBJC_IMPLEMENTATIONS = YES;
				CLANG_WARN_DIRECT_OBJC_ISA_USAGE = YES_ERROR;
				CLANG_WARN_DOCUMENTATION_COMMENTS = YES;
				CLANG_WARN_EMPTY_BODY = YES;
				CLANG_WARN_ENUM_CONVERSION = YES;
				CLANG_WARN_INFINITE_RECURSION = YES;
				CLANG_WARN_INT_CONVERSION = YES;
				CLANG_WARN_NON_LITERAL_NULL_CONVERSION = YES;
				CLANG_WARN_OBJC_IMPLICIT_RETAIN_SELF = YES;
				CLANG_WARN_OBJC_LITERAL_CONVERSION = YES;
				CLANG_WARN_OBJC_ROOT_CLASS = YES_ERROR;
				CLANG_WARN_QUOTED_INCLUDE_IN_FRAMEWORK_HEADER = YES;
				CLANG_WARN_RANGE_LOOP_ANALYSIS = YES;
				CLANG_WARN_STRICT_PROTOTYPES = YES;
				CLANG_WARN_SUSPICIOUS_MOVE = YES;
				CLANG_WARN_UNGUARDED_AVAILABILITY = YES_AGGRESSIVE;
				CLANG_WARN_UNREACHABLE_CODE = YES;
				CLANG_WARN__DUPLICATE_METHOD_MATCH = YES;
				COPY_PHASE_STRIP = NO;
				DEBUG_INFORMATION_FORMAT = "dwarf-with-dsym";
				ENABLE_NS_ASSERTIONS = NO;
				ENABLE_STRICT_OBJC_MSGSEND = YES;
				GCC_C_LANGUAGE_STANDARD = gnu11;
				GCC_NO_COMMON_BLOCKS = YES;
				GCC_WARN_64_TO_32_BIT_CONVERSION = YES;
				GCC_WARN_ABOUT_RETURN_TYPE = YES_ERROR;
				GCC_WARN_UNDECLARED_SELECTOR = YES;
				GCC_WARN_UNINITIALIZED_AUTOS = YES_AGGRESSIVE;
				GCC_WARN_UNUSED_FUNCTION = YES;
				GCC_WARN_UNUSED_VARIABLE = YES;
				IPHONEOS_DEPLOYMENT_TARGET = 15.5;
				MTL_ENABLE_DEBUG_INFO = NO;
				MTL_FAST_MATH = YES;
				SDKROOT = iphoneos;
				SWIFT_COMPILATION_MODE = wholemodule;
				SWIFT_OPTIMIZATION_LEVEL = "-O";
				VALIDATE_PRODUCT = YES;
			};
			name = Release;
		};
		F5A9CDDF285BFCF800A306DB /* Debug */ = {
			isa = XCBuildConfiguration;
			buildSettings = {
				ASSETCATALOG_COMPILER_APPICON_NAME = AppIcon;
				ASSETCATALOG_COMPILER_GLOBAL_ACCENT_COLOR_NAME = AccentColor;
				CODE_SIGN_STYLE = Automatic;
				CURRENT_PROJECT_VERSION = 1;
				GENERATE_INFOPLIST_FILE = YES;
				INFOPLIST_FILE = esteelaudertwo/Info.plist;
				INFOPLIST_KEY_UIApplicationSupportsIndirectInputEvents = YES;
				INFOPLIST_KEY_UILaunchStoryboardName = LaunchScreen;
				INFOPLIST_KEY_UIMainStoryboardFile = Main;
				INFOPLIST_KEY_UISupportedInterfaceOrientations_iPad = "UIInterfaceOrientationPortrait UIInterfaceOrientationPortraitUpsideDown UIInterfaceOrientationLandscapeLeft UIInterfaceOrientationLandscapeRight";
				INFOPLIST_KEY_UISupportedInterfaceOrientations_iPhone = "UIInterfaceOrientationPortrait UIInterfaceOrientationLandscapeLeft UIInterfaceOrientationLandscapeRight";
				LD_RUNPATH_SEARCH_PATHS = (
					"$(inherited)",
					"@executable_path/Frameworks",
				);
				MARKETING_VERSION = 1.0;
				PRODUCT_BUNDLE_IDENTIFIER = zarakamal.esteelaudertwo;
				PRODUCT_NAME = "$(TARGET_NAME)";
				SWIFT_EMIT_LOC_STRINGS = YES;
				SWIFT_VERSION = 5.0;
				TARGETED_DEVICE_FAMILY = "1,2";
			};
			name = Debug;
		};
		F5A9CDE0285BFCF800A306DB /* Release */ = {
			isa = XCBuildConfiguration;
			buildSettings = {
				ASSETCATALOG_COMPILER_APPICON_NAME = AppIcon;
				ASSETCATALOG_COMPILER_GLOBAL_ACCENT_COLOR_NAME = AccentColor;
				CODE_SIGN_STYLE = Automatic;
				CURRENT_PROJECT_VERSION = 1;
				GENERATE_INFOPLIST_FILE = YES;
				INFOPLIST_FILE = esteelaudertwo/Info.plist;
				INFOPLIST_KEY_UIApplicationSupportsIndirectInputEvents = YES;
				INFOPLIST_KEY_UILaunchStoryboardName = LaunchScreen;
				INFOPLIST_KEY_UIMainStoryboardFile = Main;
				INFOPLIST_KEY_UISupportedInterfaceOrientations_iPad = "UIInterfaceOrientationPortrait UIInterfaceOrientationPortraitUpsideDown UIInterfaceOrientationLandscapeLeft UIInterfaceOrientationLandscapeRight";
				INFOPLIST_KEY_UISupportedInterfaceOrientations_iPhone = "UIInterfaceOrientationPortrait UIInterfaceOrientationLandscapeLeft UIInterfaceOrientationLandscapeRight";
				LD_RUNPATH_SEARCH_PATHS = (
					"$(inherited)",
					"@executable_path/Frameworks",
				);
				MARKETING_VERSION = 1.0;
				PRODUCT_BUNDLE_IDENTIFIER = zarakamal.esteelaudertwo;
				PRODUCT_NAME = "$(TARGET_NAME)";
				SWIFT_EMIT_LOC_STRINGS = YES;
				SWIFT_VERSION = 5.0;
				TARGETED_DEVICE_FAMILY = "1,2";
			};
			name = Release;
		};
/* End XCBuildConfiguration section */

/* Begin XCConfigurationList section */
		F5A9CDC5285BFCF400A306DB /* Build configuration list for PBXProject "esteelaudertwo" */ = {
			isa = XCConfigurationList;
			buildConfigurations = (
				F5A9CDDC285BFCF800A306DB /* Debug */,
				F5A9CDDD285BFCF800A306DB /* Release */,
			);
			defaultConfigurationIsVisible = 0;
			defaultConfigurationName = Release;
		};
		F5A9CDDE285BFCF800A306DB /* Build configuration list for PBXNativeTarget "esteelaudertwo" */ = {
			isa = XCConfigurationList;
			buildConfigurations = (
				F5A9CDDF285BFCF800A306DB /* Debug */,
				F5A9CDE0285BFCF800A306DB /* Release */,
			);
			defaultConfigurationIsVisible = 0;
			defaultConfigurationName = Release;
		};
/* End XCConfigurationList section */
	};
	rootObject = F5A9CDC2285BFCF400A306DB /* Project object */;
}
